
Microsoft Visual Studio Solution File, Format Version 12.00
# Visual Studio Version 17
VisualStudioVersion = 17.14.36915.13 d17.14
MinimumVisualStudioVersion = 10.0.40219.1
Project("{FAE04EC0-301F-11D3-BF4B-00C04F79EFBC}") = "CryptoApp.UI", "CryptoApp.UI\CryptoApp.UI.csproj", "{6B2A8026-D405-4BD8-B591-E94F7E8FEAFF}"
EndProject
Project("{FAE04EC0-301F-11D3-BF4B-00C04F79EFBC}") = "CryptoApp", "..\CryptoApp\CryptoApp\CryptoApp.csproj", "{2B003CA7-D223-CEDF-111F-CFE4610D6203}"
EndProject
Global
	GlobalSection(SolutionConfigurationPlatforms) = preSolution
		Debug|Any CPU = Debug|Any CPU
		Release|Any CPU = Release|Any CPU
	EndGlobalSection
	GlobalSection(ProjectConfigurationPlatforms) = postSolution
		{6B2A8026-D405-4BD8-B591-E94F7E8FEAFF}.Debug|Any CPU.ActiveCfg = Debug|Any CPU
		{6B2A8026-D405-4BD8-B591-E94F7E8FEAFF}.Debug|Any CPU.Build.0 = Debug|Any CPU
		{6B2A8026-D405-4BD8-B591-E94F7E8FEAFF}.Release|Any CPU.ActiveCfg = Release|Any CPU
		{6B2A8026-D405-4BD8-B591-E94F7E8FEAFF}.Release|Any CPU.Build.0 = Release|Any CPU
		{2B003CA7-D223-CEDF-111F-CFE4610D6203}.Debug|Any CPU.ActiveCfg = Debug|Any CPU
		{2B003CA7-D223-CEDF-111F-CFE4610D6203}.Debug|Any CPU.Build.0 = Debug|Any CPU
		{2B003CA7-D223-CEDF-111F-CFE4610D6203}.Release|Any CPU.ActiveCfg = Release|Any CPU
		{2B003CA7-D223-CEDF-111F-CFE4610D6203}.Release|Any CPU.Build.0 = Release|Any CPU
	EndGlobalSection
	GlobalSection(SolutionProperties) = preSolution
		HideSolutionNode = FALSE
	EndGlobalSection
	GlobalSection(ExtensibilityGlobals) = postSolution
		SolutionGuid = {AE548F57-9FBA-426C-8055-BEAF6DF64AE1}
	EndGlobalSection
EndGlobal
